
Microsoft Visual Studio Solution File, Format Version 12.00
# Visual Studio 15
VisualStudioVersion = 15.0.28307.1169
MinimumVisualStudioVersion = 10.0.40219.1
Project("{FAE04EC0-301F-11D3-BF4B-00C04F79EFBC}") = "AdapterPattern", "AdapterPattern\AdapterPattern.csproj", "{4CA99D61-F860-4682-BA4B-50F45FB513F3}"
EndProject
Global
	GlobalSection(SolutionConfigurationPlatforms) = preSolution
		Debug|Any CPU = Debug|Any CPU
		Release|Any CPU = Release|Any CPU
	EndGlobalSection
	GlobalSection(ProjectConfigurationPlatforms) = postSolution
		{4CA99D61-F860-4682-BA4B-50F45FB513F3}.Debug|Any CPU.ActiveCfg = Debug|Any CPU
		{4CA99D61-F860-4682-BA4B-50F45FB513F3}.Debug|Any CPU.Build.0 = Debug|Any CPU
		{4CA99D61-F860-4682-BA4B-50F45FB513F3}.Release|Any CPU.ActiveCfg = Release|Any CPU
		{4CA99D61-F860-4682-BA4B-50F45FB513F3}.Release|Any CPU.Build.0 = Release|Any CPU
	EndGlobalSection
	GlobalSection(SolutionProperties) = preSolution
		HideSolutionNode = FALSE
	EndGlobalSection
	GlobalSection(ExtensibilityGlobals) = postSolution
		SolutionGuid = {A2C6DB88-09C9-4AC9-821C-60FD8D92666E}
	EndGlobalSection
EndGlobal
