
Microsoft Visual Studio Solution File, Format Version 12.00
# Visual Studio 15
VisualStudioVersion = 15.0.28307.1169
MinimumVisualStudioVersion = 10.0.40219.1
Project("{FAE04EC0-301F-11D3-BF4B-00C04F79EFBC}") = "PrototypePattern", "PrototypePattern\PrototypePattern.csproj", "{761AAEC1-AB85-4DCE-9C3D-A9A360BD9BBD}"
EndProject
Global
	GlobalSection(SolutionConfigurationPlatforms) = preSolution
		Debug|Any CPU = Debug|Any CPU
		Release|Any CPU = Release|Any CPU
	EndGlobalSection
	GlobalSection(ProjectConfigurationPlatforms) = postSolution
		{761AAEC1-AB85-4DCE-9C3D-A9A360BD9BBD}.Debug|Any CPU.ActiveCfg = Debug|Any CPU
		{761AAEC1-AB85-4DCE-9C3D-A9A360BD9BBD}.Debug|Any CPU.Build.0 = Debug|Any CPU
		{761AAEC1-AB85-4DCE-9C3D-A9A360BD9BBD}.Release|Any CPU.ActiveCfg = Release|Any CPU
		{761AAEC1-AB85-4DCE-9C3D-A9A360BD9BBD}.Release|Any CPU.Build.0 = Release|Any CPU
	EndGlobalSection
	GlobalSection(SolutionProperties) = preSolution
		HideSolutionNode = FALSE
	EndGlobalSection
	GlobalSection(ExtensibilityGlobals) = postSolution
		SolutionGuid = {5C5CF2BC-A053-42CB-95BB-B39E14C8FBEC}
	EndGlobalSection
EndGlobal
