
Microsoft Visual Studio Solution File, Format Version 12.00
# Visual Studio 15
VisualStudioVersion = 15.0.28307.1169
MinimumVisualStudioVersion = 10.0.40219.1
Project("{FAE04EC0-301F-11D3-BF4B-00C04F79EFBC}") = "FactoryMethod", "FactoryMethod\FactoryMethod.csproj", "{C4854801-E567-415A-A7EE-0090D9836C6C}"
EndProject
Global
	GlobalSection(SolutionConfigurationPlatforms) = preSolution
		Debug|Any CPU = Debug|Any CPU
		Release|Any CPU = Release|Any CPU
	EndGlobalSection
	GlobalSection(ProjectConfigurationPlatforms) = postSolution
		{C4854801-E567-415A-A7EE-0090D9836C6C}.Debug|Any CPU.ActiveCfg = Debug|Any CPU
		{C4854801-E567-415A-A7EE-0090D9836C6C}.Debug|Any CPU.Build.0 = Debug|Any CPU
		{C4854801-E567-415A-A7EE-0090D9836C6C}.Release|Any CPU.ActiveCfg = Release|Any CPU
		{C4854801-E567-415A-A7EE-0090D9836C6C}.Release|Any CPU.Build.0 = Release|Any CPU
	EndGlobalSection
	GlobalSection(SolutionProperties) = preSolution
		HideSolutionNode = FALSE
	EndGlobalSection
	GlobalSection(ExtensibilityGlobals) = postSolution
		SolutionGuid = {13937135-A3E6-48FD-9BD2-0B66E988055C}
	EndGlobalSection
EndGlobal
